
Microsoft Visual Studio Solution File, Format Version 11.00
# Visual Studio 2010
Project("{8BC9CEB8-8B4A-11D0-8D11-00A0C91BC942}") = "Computations", "Computations\Computations.vcxproj", "{34AFE64D-DBF4-4BD7-8888-64FDA35CB96F}"
EndProject
Project("{8BC9CEB8-8B4A-11D0-8D11-00A0C91BC942}") = "Wrapper", "Wrapper\Wrapper.vcxproj", "{59B632CA-6996-46F0-9267-03FC817DC751}"
EndProject
Project("{FAE04EC0-301F-11D3-BF4B-00C04F79EFBC}") = "WindowsFormsApplication1", "WindowsFormsApplication1\WindowsFormsApplication1.csproj", "{BF59FA11-0C24-4A2A-84F8-D79C5A2B95A5}"
EndProject
Global
	GlobalSection(SolutionConfigurationPlatforms) = preSolution
		Debug|Mixed Platforms = Debug|Mixed Platforms
		Debug|Win32 = Debug|Win32
		Debug|x86 = Debug|x86
		Release|Mixed Platforms = Release|Mixed Platforms
		Release|Win32 = Release|Win32
		Release|x86 = Release|x86
	EndGlobalSection
	GlobalSection(ProjectConfigurationPlatforms) = postSolution
		{34AFE64D-DBF4-4BD7-8888-64FDA35CB96F}.Debug|Mixed Platforms.ActiveCfg = Debug|Win32
		{34AFE64D-DBF4-4BD7-8888-64FDA35CB96F}.Debug|Mixed Platforms.Build.0 = Debug|Win32
		{34AFE64D-DBF4-4BD7-8888-64FDA35CB96F}.Debug|Win32.ActiveCfg = Debug|Win32
		{34AFE64D-DBF4-4BD7-8888-64FDA35CB96F}.Debug|Win32.Build.0 = Debug|Win32
		{34AFE64D-DBF4-4BD7-8888-64FDA35CB96F}.Debug|x86.ActiveCfg = Debug|Win32
		{34AFE64D-DBF4-4BD7-8888-64FDA35CB96F}.Release|Mixed Platforms.ActiveCfg = Release|Win32
		{34AFE64D-DBF4-4BD7-8888-64FDA35CB96F}.Release|Mixed Platforms.Build.0 = Release|Win32
		{34AFE64D-DBF4-4BD7-8888-64FDA35CB96F}.Release|Win32.ActiveCfg = Release|Win32
		{34AFE64D-DBF4-4BD7-8888-64FDA35CB96F}.Release|Win32.Build.0 = Release|Win32
		{34AFE64D-DBF4-4BD7-8888-64FDA35CB96F}.Release|x86.ActiveCfg = Release|Win32
		{59B632CA-6996-46F0-9267-03FC817DC751}.Debug|Mixed Platforms.ActiveCfg = Debug|Win32
		{59B632CA-6996-46F0-9267-03FC817DC751}.Debug|Mixed Platforms.Build.0 = Debug|Win32
		{59B632CA-6996-46F0-9267-03FC817DC751}.Debug|Win32.ActiveCfg = Debug|Win32
		{59B632CA-6996-46F0-9267-03FC817DC751}.Debug|Win32.Build.0 = Debug|Win32
		{59B632CA-6996-46F0-9267-03FC817DC751}.Debug|x86.ActiveCfg = Debug|Win32
		{59B632CA-6996-46F0-9267-03FC817DC751}.Release|Mixed Platforms.ActiveCfg = Release|Win32
		{59B632CA-6996-46F0-9267-03FC817DC751}.Release|Mixed Platforms.Build.0 = Release|Win32
		{59B632CA-6996-46F0-9267-03FC817DC751}.Release|Win32.ActiveCfg = Release|Win32
		{59B632CA-6996-46F0-9267-03FC817DC751}.Release|Win32.Build.0 = Release|Win32
		{59B632CA-6996-46F0-9267-03FC817DC751}.Release|x86.ActiveCfg = Release|Win32
		{BF59FA11-0C24-4A2A-84F8-D79C5A2B95A5}.Debug|Mixed Platforms.ActiveCfg = Debug|x86
		{BF59FA11-0C24-4A2A-84F8-D79C5A2B95A5}.Debug|Mixed Platforms.Build.0 = Debug|x86
		{BF59FA11-0C24-4A2A-84F8-D79C5A2B95A5}.Debug|Win32.ActiveCfg = Debug|x86
		{BF59FA11-0C24-4A2A-84F8-D79C5A2B95A5}.Debug|x86.ActiveCfg = Debug|x86
		{BF59FA11-0C24-4A2A-84F8-D79C5A2B95A5}.Debug|x86.Build.0 = Debug|x86
		{BF59FA11-0C24-4A2A-84F8-D79C5A2B95A5}.Release|Mixed Platforms.ActiveCfg = Release|x86
		{BF59FA11-0C24-4A2A-84F8-D79C5A2B95A5}.Release|Mixed Platforms.Build.0 = Release|x86
		{BF59FA11-0C24-4A2A-84F8-D79C5A2B95A5}.Release|Win32.ActiveCfg = Release|x86
		{BF59FA11-0C24-4A2A-84F8-D79C5A2B95A5}.Release|x86.ActiveCfg = Release|x86
		{BF59FA11-0C24-4A2A-84F8-D79C5A2B95A5}.Release|x86.Build.0 = Release|x86
	EndGlobalSection
	GlobalSection(SolutionProperties) = preSolution
		HideSolutionNode = FALSE
	EndGlobalSection
EndGlobal
